
Microsoft Visual Studio Solution File, Format Version 12.00
# Visual Studio 15
VisualStudioVersion = 15.0.26403.7
MinimumVisualStudioVersion = 10.0.40219.1
Project("{FAE04EC0-301F-11D3-BF4B-00C04F79EFBC}") = "GestaoAlunos", "GestaoAlunos\GestaoAlunos.csproj", "{C903A127-6206-4D03-9FFF-BED66DF14BAB}"
EndProject
Project("{FAE04EC0-301F-11D3-BF4B-00C04F79EFBC}") = "UnitTestGestaoAlunos", "UnitTestGestaoAlunos\UnitTestGestaoAlunos.csproj", "{F24DA957-F5D6-4515-B92A-31C8CACA66D3}"
EndProject
Project("{FAE04EC0-301F-11D3-BF4B-00C04F79EFBC}") = "APIRest", "APIRest\APIRest.csproj", "{829E3B2D-53FB-45C5-B5DF-1890D09C03E9}"
EndProject
Global
	GlobalSection(SolutionConfigurationPlatforms) = preSolution
		Debug|Any CPU = Debug|Any CPU
		Release|Any CPU = Release|Any CPU
	EndGlobalSection
	GlobalSection(ProjectConfigurationPlatforms) = postSolution
		{C903A127-6206-4D03-9FFF-BED66DF14BAB}.Debug|Any CPU.ActiveCfg = Debug|Any CPU
		{C903A127-6206-4D03-9FFF-BED66DF14BAB}.Debug|Any CPU.Build.0 = Debug|Any CPU
		{C903A127-6206-4D03-9FFF-BED66DF14BAB}.Release|Any CPU.ActiveCfg = Release|Any CPU
		{C903A127-6206-4D03-9FFF-BED66DF14BAB}.Release|Any CPU.Build.0 = Release|Any CPU
		{F24DA957-F5D6-4515-B92A-31C8CACA66D3}.Debug|Any CPU.ActiveCfg = Debug|Any CPU
		{F24DA957-F5D6-4515-B92A-31C8CACA66D3}.Debug|Any CPU.Build.0 = Debug|Any CPU
		{F24DA957-F5D6-4515-B92A-31C8CACA66D3}.Release|Any CPU.ActiveCfg = Release|Any CPU
		{F24DA957-F5D6-4515-B92A-31C8CACA66D3}.Release|Any CPU.Build.0 = Release|Any CPU
		{829E3B2D-53FB-45C5-B5DF-1890D09C03E9}.Debug|Any CPU.ActiveCfg = Debug|Any CPU
		{829E3B2D-53FB-45C5-B5DF-1890D09C03E9}.Debug|Any CPU.Build.0 = Debug|Any CPU
		{829E3B2D-53FB-45C5-B5DF-1890D09C03E9}.Release|Any CPU.ActiveCfg = Release|Any CPU
		{829E3B2D-53FB-45C5-B5DF-1890D09C03E9}.Release|Any CPU.Build.0 = Release|Any CPU
	EndGlobalSection
	GlobalSection(SolutionProperties) = preSolution
		HideSolutionNode = FALSE
	EndGlobalSection
EndGlobal
